PODS:
  - Alamofire (5.2.1)
  - AlamofireImage (4.1.0):
    - Alamofire (~> 5.1)
  - Realm (5.2.0):
    - Realm/Headers (= 5.2.0)
  - Realm/Headers (5.2.0)
  - RealmSwift (5.2.0):
    - Realm (= 5.2.0)
  - Reusable (4.1.1):
    - Reusable/Storyboard (= 4.1.1)
    - Reusable/View (= 4.1.1)
  - Reusable/Storyboard (4.1.1)
  - Reusable/View (4.1.1)
  - SwiftLint (0.39.2)

DEPENDENCIES:
  - Alamofire
  - AlamofireImage
  - RealmSwift
  - Reusable
  - SwiftLint

SPEC REPOS:
  trunk:
    - Alamofire
    - AlamofireImage
    - Realm
    - RealmSwift
    - Reusable
    - SwiftLint

SPEC CHECKSUMS:
  Alamofire: e911732990610fe89af59ac0077f923d72dc3dfd
  AlamofireImage: c4a2ba349885fb3064feb74d2e547bd42ce9be10
  Realm: f749c723e272f08fdf1939af5e61d2bd09b203e8
  RealmSwift: bf0ab78b52c5bafba8b3ad73be8dfb4c1ea5cf01
  Reusable: 53a9acf5c536f229b31b5865782414b508252ddb
  SwiftLint: 22ccbbe3b8008684be5955693bab135e0ed6a447

PODFILE CHECKSUM: b53e3039ba41d054f9700833fa2a44a0f2507b6b

COCOAPODS: 1.9.3
