// !$*UTF8*$!
{
	archiveVersion = 1;
	classes = {
	};
	objectVersion = 50;
	objects = {

/* Begin PBXBuildFile section */
		3DF60B4B2112C46600BD21CB /* AppDelegate.swift in Sources */ = {isa = PBXBuildFile; fileRef = 3DF60B4A2112C46600BD21CB /* AppDelegate.swift */; };
		3DF60B4D2112C46600BD21CB /* HomeViewController.swift in Sources */ = {isa = PBXBuildFile; fileRef = 3DF60B4C2112C46600BD21CB /* HomeViewController.swift */; };
		3DF60B502112C46600BD21CB /* Main.storyboard in Resources */ = {isa = PBXBuildFile; fileRef = 3DF60B4E2112C46600BD21CB /* Main.storyboard */; };
		3DF60B552112C46700BD21CB /* Assets.xcassets in Resources */ = {isa = PBXBuildFile; fileRef = 3DF60B542112C46700BD21CB /* Assets.xcassets */; };
		3DF60B582112C46700BD21CB /* LaunchScreen.storyboard in Resources */ = {isa = PBXBuildFile; fileRef = 3DF60B562112C46700BD21CB /* LaunchScreen.storyboard */; };
		3DFE4AD62112D3CC00B9D2F2 /* NavigationController.swift in Sources */ = {isa = PBXBuildFile; fileRef = 3DFE4AD52112D3CC00B9D2F2 /* NavigationController.swift */; };
		9CC396AA486AF47ECC98548D /* Pods_Misonic.framework in Frameworks */ = {isa = PBXBuildFile; fileRef = 4C2F880CDEDB0940CB8CDB81 /* Pods_Misonic.framework */; };
/* End PBXBuildFile section */

/* Begin PBXFileReference section */
		3DF60B472112C46600BD21CB /* Misonic.app */ = {isa = PBXFileReference; explicitFileType = wrapper.application; includeInIndex = 0; path = Misonic.app; sourceTree = BUILT_PRODUCTS_DIR; };
		3DF60B4A2112C46600BD21CB /* AppDelegate.swift */ = {isa = PBXFileReference; lastKnownFileType = sourcecode.swift; path = AppDelegate.swift; sourceTree = "<group>"; };
		3DF60B4C2112C46600BD21CB /* HomeViewController.swift */ = {isa = PBXFileReference; lastKnownFileType = sourcecode.swift; path = HomeViewController.swift; sourceTree = "<group>"; };
		3DF60B4F2112C46600BD21CB /* Base */ = {isa = PBXFileReference; lastKnownFileType = file.storyboard; name = Base; path = Base.lproj/Main.storyboard; sourceTree = "<group>"; };
		3DF60B542112C46700BD21CB /* Assets.xcassets */ = {isa = PBXFileReference; lastKnownFileType = folder.assetcatalog; path = Assets.xcassets; sourceTree = "<group>"; };
		3DF60B572112C46700BD21CB /* Base */ = {isa = PBXFileReference; lastKnownFileType = file.storyboard; name = Base; path = Base.lproj/LaunchScreen.storyboard; sourceTree = "<group>"; };
		3DF60B592112C46700BD21CB /* Info.plist */ = {isa = PBXFileReference; lastKnownFileType = text.plist.xml; path = Info.plist; sourceTree = "<group>"; };
		3DFE4AD52112D3CC00B9D2F2 /* NavigationController.swift */ = {isa = PBXFileReference; lastKnownFileType = sourcecode.swift; path = NavigationController.swift; sourceTree = "<group>"; };
		4C2F880CDEDB0940CB8CDB81 /* Pods_Misonic.framework */ = {isa = PBXFileReference; explicitFileType = wrapper.framework; includeInIndex = 0; path = Pods_Misonic.framework; sourceTree = BUILT_PRODUCTS_DIR; };
		4EA53ABA1BA6F22BC3111840 /* Pods-Misonic.release.xcconfig */ = {isa = PBXFileReference; includeInIndex = 1; lastKnownFileType = text.xcconfig; name = "Pods-Misonic.release.xcconfig"; path = "Pods/Target Support Files/Pods-Misonic/Pods-Misonic.release.xcconfig"; sourceTree = "<group>"; };
		C05CBFD6BB16C6B929ECDD3A /* Pods-Misonic.debug.xcconfig */ = {isa = PBXFileReference; includeInIndex = 1; lastKnownFileType = text.xcconfig; name = "Pods-Misonic.debug.xcconfig"; path = "Pods/Target Support Files/Pods-Misonic/Pods-Misonic.debug.xcconfig"; sourceTree = "<group>"; };
/* End PBXFileReference section */

/* Begin PBXFrameworksBuildPhase section */
		3DF60B442112C46600BD21CB /* Frameworks */ = {
			isa = PBXFrameworksBuildPhase;
			buildActionMask = 2147483647;
			files = (
				9CC396AA486AF47ECC98548D /* Pods_Misonic.framework in Frameworks */,
			);
			runOnlyForDeploymentPostprocessing = 0;
		};
/* End PBXFrameworksBuildPhase section */

/* Begin PBXGroup section */
		12F447EBDBA23962729557D0 /* Frameworks */ = {
			isa = PBXGroup;
			children = (
				4C2F880CDEDB0940CB8CDB81 /* Pods_Misonic.framework */,
			);
			name = Frameworks;
			sourceTree = "<group>";
		};
		3DF60B3E2112C46600BD21CB = {
			isa = PBXGroup;
			children = (
				3DF60B492112C46600BD21CB /* Misonic */,
				3DF60B482112C46600BD21CB /* Products */,
				BDF2A168D01328CAB4A16851 /* Pods */,
				12F447EBDBA23962729557D0 /* Frameworks */,
			);
			sourceTree = "<group>";
		};
		3DF60B482112C46600BD21CB /* Products */ = {
			isa = PBXGroup;
			children = (
				3DF60B472112C46600BD21CB /* Misonic.app */,
			);
			name = Products;
			sourceTree = "<group>";
		};
		3DF60B492112C46600BD21CB /* Misonic */ = {
			isa = PBXGroup;
			children = (
				3DF60B4A2112C46600BD21CB /* AppDelegate.swift */,
				3DFE4AD72112D42800B9D2F2 /* Presentation */,
				3DF60B4E2112C46600BD21CB /* Main.storyboard */,
				3DF60B542112C46700BD21CB /* Assets.xcassets */,
				3DF60B562112C46700BD21CB /* LaunchScreen.storyboard */,
				3DF60B592112C46700BD21CB /* Info.plist */,
			);
			path = Misonic;
			sourceTree = "<group>";
		};
		3DFE4AD72112D42800B9D2F2 /* Presentation */ = {
			isa = PBXGroup;
			children = (
				3DFE4AD52112D3CC00B9D2F2 /* NavigationController.swift */,
				3DF60B4C2112C46600BD21CB /* HomeViewController.swift */,
			);
			path = Presentation;
			sourceTree = "<group>";
		};
		BDF2A168D01328CAB4A16851 /* Pods */ = {
			isa = PBXGroup;
			children = (
				C05CBFD6BB16C6B929ECDD3A /* Pods-Misonic.debug.xcconfig */,
				4EA53ABA1BA6F22BC3111840 /* Pods-Misonic.release.xcconfig */,
			);
			name = Pods;
			sourceTree = "<group>";
		};
/* End PBXGroup section */

/* Begin PBXNativeTarget section */
		3DF60B462112C46600BD21CB /* Misonic */ = {
			isa = PBXNativeTarget;
			buildConfigurationList = 3DF60B5C2112C46700BD21CB /* Build configuration list for PBXNativeTarget "Misonic" */;
			buildPhases = (
				1F86F7F1E0DE68A47202832A /* [CP] Check Pods Manifest.lock */,
				3DF60B432112C46600BD21CB /* Sources */,
				3DF60B442112C46600BD21CB /* Frameworks */,
				3DF60B452112C46600BD21CB /* Resources */,
				1F17791CE8FF3596CC5E21B2 /* [CP] Embed Pods Frameworks */,
				EE326828E9E1A485C779172A /* [CP] Copy Pods Resources */,
			);
			buildRules = (
			);
			dependencies = (
			);
			name = Misonic;
			productName = Misonic;
			productReference = 3DF60B472112C46600BD21CB /* Misonic.app */;
			productType = "com.apple.product-type.application";
		};
/* End PBXNativeTarget section */

/* Begin PBXProject section */
		3DF60B3F2112C46600BD21CB /* Project object */ = {
			isa = PBXProject;
			attributes = {
				LastSwiftUpdateCheck = 0940;
				LastUpgradeCheck = 0940;
				ORGANIZATIONNAME = "Kostia Kolesnyk";
				TargetAttributes = {
					3DF60B462112C46600BD21CB = {
						CreatedOnToolsVersion = 9.4.1;
					};
				};
			};
			buildConfigurationList = 3DF60B422112C46600BD21CB /* Build configuration list for PBXProject "Misonic" */;
			compatibilityVersion = "Xcode 9.3";
			developmentRegion = en;
			hasScannedForEncodings = 0;
			knownRegions = (
				en,
				Base,
			);
			mainGroup = 3DF60B3E2112C46600BD21CB;
			productRefGroup = 3DF60B482112C46600BD21CB /* Products */;
			projectDirPath = "";
			projectRoot = "";
			targets = (
				3DF60B462112C46600BD21CB /* Misonic */,
			);
		};
/* End PBXProject section */

/* Begin PBXResourcesBuildPhase section */
		3DF60B452112C46600BD21CB /* Resources */ = {
			isa = PBXResourcesBuildPhase;
			buildActionMask = 2147483647;
			files = (
				3DF60B582112C46700BD21CB /* LaunchScreen.storyboard in Resources */,
				3DF60B552112C46700BD21CB /* Assets.xcassets in Resources */,
				3DF60B502112C46600BD21CB /* Main.storyboard in Resources */,
			);
			runOnlyForDeploymentPostprocessing = 0;
		};
/* End PBXResourcesBuildPhase section */

/* Begin PBXShellScriptBuildPhase section */
		1F17791CE8FF3596CC5E21B2 /* [CP] Embed Pods Frameworks */ = {
			isa = PBXShellScriptBuildPhase;
			buildActionMask = 2147483647;
			files = (
			);
			inputPaths = (
				"${SRCROOT}/Pods/Target Support Files/Pods-Misonic/Pods-Misonic-frameworks.sh",
				"${BUILT_PRODUCTS_DIR}/Alamofire/Alamofire.framework",
				"${BUILT_PRODUCTS_DIR}/AlamofireImage/AlamofireImage.framework",
				"${BUILT_PRODUCTS_DIR}/Realm/Realm.framework",
				"${BUILT_PRODUCTS_DIR}/RealmSwift/RealmSwift.framework",
			);
			name = "[CP] Embed Pods Frameworks";
			outputPaths = (
				"${TARGET_BUILD_DIR}/${FRAMEWORKS_FOLDER_PATH}/Alamofire.framework",
				"${TARGET_BUILD_DIR}/${FRAMEWORKS_FOLDER_PATH}/AlamofireImage.framework",
				"${TARGET_BUILD_DIR}/${FRAMEWORKS_FOLDER_PATH}/Realm.framework",
				"${TARGET_BUILD_DIR}/${FRAMEWORKS_FOLDER_PATH}/RealmSwift.framework",
			);
			runOnlyForDeploymentPostprocessing = 0;
			shellPath = /bin/sh;
			shellScript = "\"${SRCROOT}/Pods/Target Support Files/Pods-Misonic/Pods-Misonic-frameworks.sh\"\n";
			showEnvVarsInLog = 0;
		};
		1F86F7F1E0DE68A47202832A /* [CP] Check Pods Manifest.lock */ = {
			isa = PBXShellScriptBuildPhase;
			buildActionMask = 2147483647;
			files = (
			);
			inputPaths = (
				"${PODS_PODFILE_DIR_PATH}/Podfile.lock",
				"${PODS_ROOT}/Manifest.lock",
			);
			name = "[CP] Check Pods Manifest.lock";
			outputPaths = (
				"$(DERIVED_FILE_DIR)/Pods-Misonic-checkManifestLockResult.txt",
			);
			runOnlyForDeploymentPostprocessing = 0;
			shellPath = /bin/sh;
			shellScript = "diff \"${PODS_PODFILE_DIR_PATH}/Podfile.lock\" \"${PODS_ROOT}/Manifest.lock\" > /dev/null\nif [ $? != 0 ] ; then\n    # print error to STDERR\n    echo \"error: The sandbox is not in sync with the Podfile.lock. Run 'pod install' or update your CocoaPods installation.\" >&2\n    exit 1\nfi\n# This output is used by Xcode 'outputs' to avoid re-running this script phase.\necho \"SUCCESS\" > \"${SCRIPT_OUTPUT_FILE_0}\"\n";
			showEnvVarsInLog = 0;
		};
		EE326828E9E1A485C779172A /* [CP] Copy Pods Resources */ = {
			isa = PBXShellScriptBuildPhase;
			buildActionMask = 2147483647;
			files = (
			);
			inputPaths = (
			);
			name = "[CP] Copy Pods Resources";
			outputPaths = (
			);
			runOnlyForDeploymentPostprocessing = 0;
			shellPath = /bin/sh;
			shellScript = "\"${SRCROOT}/Pods/Target Support Files/Pods-Misonic/Pods-Misonic-resources.sh\"\n";
			showEnvVarsInLog = 0;
		};
/* End PBXShellScriptBuildPhase section */

/* Begin PBXSourcesBuildPhase section */
		3DF60B432112C46600BD21CB /* Sources */ = {
			isa = PBXSourcesBuildPhase;
			buildActionMask = 2147483647;
			files = (
				3DF60B4D2112C46600BD21CB /* HomeViewController.swift in Sources */,
				3DFE4AD62112D3CC00B9D2F2 /* NavigationController.swift in Sources */,
				3DF60B4B2112C46600BD21CB /* AppDelegate.swift in Sources */,
			);
			runOnlyForDeploymentPostprocessing = 0;
		};
/* End PBXSourcesBuildPhase section */

/* Begin PBXVariantGroup section */
		3DF60B4E2112C46600BD21CB /* Main.storyboard */ = {
			isa = PBXVariantGroup;
			children = (
				3DF60B4F2112C46600BD21CB /* Base */,
			);
			name = Main.storyboard;
			sourceTree = "<group>";
		};
		3DF60B562112C46700BD21CB /* LaunchScreen.storyboard */ = {
			isa = PBXVariantGroup;
			children = (
				3DF60B572112C46700BD21CB /* Base */,
			);
			name = LaunchScreen.storyboard;
			sourceTree = "<group>";
		};
/* End PBXVariantGroup section */

/* Begin XCBuildConfiguration section */
		3DF60B5A2112C46700BD21CB /* Debug */ = {
			isa = XCBuildConfiguration;
			buildSettings = {
				ALWAYS_SEARCH_USER_PATHS = NO;
				CLANG_ANALYZER_NONNULL = YES;
				CLANG_ANALYZER_NUMBER_OBJECT_CONVERSION = YES_AGGRESSIVE;
				CLANG_CXX_LANGUAGE_STANDARD = "gnu++14";
				CLANG_CXX_LIBRARY = "libc++";
				CLANG_ENABLE_MODULES = YES;
				CLANG_ENABLE_OBJC_ARC = YES;
				CLANG_ENABLE_OBJC_WEAK = YES;
				CLANG_WARN_BLOCK_CAPTURE_AUTORELEASING = YES;
				CLANG_WARN_BOOL_CONVERSION = YES;
				CLANG_WARN_COMMA = YES;
				CLANG_WARN_CONSTANT_CONVERSION = YES;
				CLANG_WARN_DEPRECATED_OBJC_IMPLEMENTATIONS = YES;
				CLANG_WARN_DIRECT_OBJC_ISA_USAGE = YES_ERROR;
				CLANG_WARN_DOCUMENTATION_COMMENTS = YES;
				CLANG_WARN_EMPTY_BODY = YES;
				CLANG_WARN_ENUM_CONVERSION = YES;
				CLANG_WARN_INFINITE_RECURSION = YES;
				CLANG_WARN_INT_CONVERSION = YES;
				CLANG_WARN_NON_LITERAL_NULL_CONVERSION = YES;
				CLANG_WARN_OBJC_IMPLICIT_RETAIN_SELF = YES;
				CLANG_WARN_OBJC_LITERAL_CONVERSION = YES;
				CLANG_WARN_OBJC_ROOT_CLASS = YES_ERROR;
				CLANG_WARN_RANGE_LOOP_ANALYSIS = YES;
				CLANG_WARN_STRICT_PROTOTYPES = YES;
				CLANG_WARN_SUSPICIOUS_MOVE = YES;
				CLANG_WARN_UNGUARDED_AVAILABILITY = YES_AGGRESSIVE;
				CLANG_WARN_UNREACHABLE_CODE = YES;
				CLANG_WARN__DUPLICATE_METHOD_MATCH = YES;
				CODE_SIGN_IDENTITY = "iPhone Developer";
				COPY_PHASE_STRIP = NO;
				DEBUG_INFORMATION_FORMAT = dwarf;
				ENABLE_STRICT_OBJC_MSGSEND = YES;
				ENABLE_TESTABILITY = YES;
				GCC_C_LANGUAGE_STANDARD = gnu11;
				GCC_DYNAMIC_NO_PIC = NO;
				GCC_NO_COMMON_BLOCKS = YES;
				GCC_OPTIMIZATION_LEVEL = 0;
				GCC_PREPROCESSOR_DEFINITIONS = (
					"DEBUG=1",
					"$(inherited)",
				);
				GCC_WARN_64_TO_32_BIT_CONVERSION = YES;
				GCC_WARN_ABOUT_RETURN_TYPE = YES_ERROR;
				GCC_WARN_UNDECLARED_SELECTOR = YES;
				GCC_WARN_UNINITIALIZED_AUTOS = YES_AGGRESSIVE;
				GCC_WARN_UNUSED_FUNCTION = YES;
				GCC_WARN_UNUSED_VARIABLE = YES;
				IPHONEOS_DEPLOYMENT_TARGET = 11.4;
				MTL_ENABLE_DEBUG_INFO = YES;
				ONLY_ACTIVE_ARCH = YES;
				SDKROOT = iphoneos;
				SWIFT_ACTIVE_COMPILATION_CONDITIONS = DEBUG;
				SWIFT_OPTIMIZATION_LEVEL = "-Onone";
			};
			name = Debug;
		};
		3DF60B5B2112C46700BD21CB /* Release */ = {
			isa = XCBuildConfiguration;
			buildSettings = {
				ALWAYS_SEARCH_USER_PATHS = NO;
				CLANG_ANALYZER_NONNULL = YES;
				CLANG_ANALYZER_NUMBER_OBJECT_CONVERSION = YES_AGGRESSIVE;
				CLANG_CXX_LANGUAGE_STANDARD = "gnu++14";
				CLANG_CXX_LIBRARY = "libc++";
				CLANG_ENABLE_MODULES = YES;
				CLANG_ENABLE_OBJC_ARC = YES;
				CLANG_ENABLE_OBJC_WEAK = YES;
				CLANG_WARN_BLOCK_CAPTURE_AUTORELEASING = YES;
				CLANG_WARN_BOOL_CONVERSION = YES;
				CLANG_WARN_COMMA = YES;
				CLANG_WARN_CONSTANT_CONVERSION = YES;
				CLANG_WARN_DEPRECATED_OBJC_IMPLEMENTATIONS = YES;
				CLANG_WARN_DIRECT_OBJC_ISA_USAGE = YES_ERROR;
				CLANG_WARN_DOCUMENTATION_COMMENTS = YES;
				CLANG_WARN_EMPTY_BODY = YES;
				CLANG_WARN_ENUM_CONVERSION = YES;
				CLANG_WARN_INFINITE_RECURSION = YES;
				CLANG_WARN_INT_CONVERSION = YES;
				CLANG_WARN_NON_LITERAL_NULL_CONVERSION = YES;
				CLANG_WARN_OBJC_IMPLICIT_RETAIN_SELF = YES;
				CLANG_WARN_OBJC_LITERAL_CONVERSION = YES;
				CLANG_WARN_OBJC_ROOT_CLASS = YES_ERROR;
				CLANG_WARN_RANGE_LOOP_ANALYSIS = YES;
				CLANG_WARN_STRICT_PROTOTYPES = YES;
				CLANG_WARN_SUSPICIOUS_MOVE = YES;
				CLANG_WARN_UNGUARDED_AVAILABILITY = YES_AGGRESSIVE;
				CLANG_WARN_UNREACHABLE_CODE = YES;
				CLANG_WARN__DUPLICATE_METHOD_MATCH = YES;
				CODE_SIGN_IDENTITY = "iPhone Developer";
				COPY_PHASE_STRIP = NO;
				DEBUG_INFORMATION_FORMAT = "dwarf-with-dsym";
				ENABLE_NS_ASSERTIONS = NO;
				ENABLE_STRICT_OBJC_MSGSEND = YES;
				GCC_C_LANGUAGE_STANDARD = gnu11;
				GCC_NO_COMMON_BLOCKS = YES;
				GCC_WARN_64_TO_32_BIT_CONVERSION = YES;
				GCC_WARN_ABOUT_RETURN_TYPE = YES_ERROR;
				GCC_WARN_UNDECLARED_SELECTOR = YES;
				GCC_WARN_UNINITIALIZED_AUTOS = YES_AGGRESSIVE;
				GCC_WARN_UNUSED_FUNCTION = YES;
				GCC_WARN_UNUSED_VARIABLE = YES;
				IPHONEOS_DEPLOYMENT_TARGET = 11.4;
				MTL_ENABLE_DEBUG_INFO = NO;
				SDKROOT = iphoneos;
				SWIFT_COMPILATION_MODE = wholemodule;
				SWIFT_OPTIMIZATION_LEVEL = "-O";
				VALIDATE_PRODUCT = YES;
			};
			name = Release;
		};
		3DF60B5D2112C46700BD21CB /* Debug */ = {
			isa = XCBuildConfiguration;
			baseConfigurationReference = C05CBFD6BB16C6B929ECDD3A /* Pods-Misonic.debug.xcconfig */;
			buildSettings = {
				ASSETCATALOG_COMPILER_APPICON_NAME = AppIcon;
				CODE_SIGN_STYLE = Automatic;
				DEVELOPMENT_TEAM = 2N6B529U6S;
				INFOPLIST_FILE = Misonic/Info.plist;
				LD_RUNPATH_SEARCH_PATHS = (
					"$(inherited)",
					"@executable_path/Frameworks",
				);
				PRODUCT_BUNDLE_IDENTIFIER = net.utiko.Misonic;
				PRODUCT_NAME = "$(TARGET_NAME)";
				SWIFT_VERSION = 4.0;
				TARGETED_DEVICE_FAMILY = 1;
			};
			name = Debug;
		};
		3DF60B5E2112C46700BD21CB /* Release */ = {
			isa = XCBuildConfiguration;
			baseConfigurationReference = 4EA53ABA1BA6F22BC3111840 /* Pods-Misonic.release.xcconfig */;
			buildSettings = {
				ASSETCATALOG_COMPILER_APPICON_NAME = AppIcon;
				CODE_SIGN_STYLE = Automatic;
				DEVELOPMENT_TEAM = 2N6B529U6S;
				INFOPLIST_FILE = Misonic/Info.plist;
				LD_RUNPATH_SEARCH_PATHS = (
					"$(inherited)",
					"@executable_path/Frameworks",
				);
				PRODUCT_BUNDLE_IDENTIFIER = net.utiko.Misonic;
				PRODUCT_NAME = "$(TARGET_NAME)";
				SWIFT_VERSION = 4.0;
				TARGETED_DEVICE_FAMILY = 1;
			};
			name = Release;
		};
/* End XCBuildConfiguration section */

/* Begin XCConfigurationList section */
		3DF60B422112C46600BD21CB /* Build configuration list for PBXProject "Misonic" */ = {
			isa = XCConfigurationList;
			buildConfigurations = (
				3DF60B5A2112C46700BD21CB /* Debug */,
				3DF60B5B2112C46700BD21CB /* Release */,
			);
			defaultConfigurationIsVisible = 0;
			defaultConfigurationName = Release;
		};
		3DF60B5C2112C46700BD21CB /* Build configuration list for PBXNativeTarget "Misonic" */ = {
			isa = XCConfigurationList;
			buildConfigurations = (
				3DF60B5D2112C46700BD21CB /* Debug */,
				3DF60B5E2112C46700BD21CB /* Release */,
			);
			defaultConfigurationIsVisible = 0;
			defaultConfigurationName = Release;
		};
/* End XCConfigurationList section */
	};
	rootObject = 3DF60B3F2112C46600BD21CB /* Project object */;
}
